
Microsoft Visual Studio Solution File, Format Version 12.00
# Visual Studio Version 17
VisualStudioVersion = 17.7.34302.85
MinimumVisualStudioVersion = 10.0.40219.1
Project("{FAE04EC0-301F-11D3-BF4B-00C04F79EFBC}") = "operatorOverloading-3", "operatorOverloading-3.csproj", "{7E116645-8BDC-4E3B-9637-40549B1BAA18}"
EndProject
Global
	GlobalSection(SolutionConfigurationPlatforms) = preSolution
		Debug|Any CPU = Debug|Any CPU
		Release|Any CPU = Release|Any CPU
	EndGlobalSection
	GlobalSection(ProjectConfigurationPlatforms) = postSolution
		{7E116645-8BDC-4E3B-9637-40549B1BAA18}.Debug|Any CPU.ActiveCfg = Debug|Any CPU
		{7E116645-8BDC-4E3B-9637-40549B1BAA18}.Debug|Any CPU.Build.0 = Debug|Any CPU
		{7E116645-8BDC-4E3B-9637-40549B1BAA18}.Release|Any CPU.ActiveCfg = Release|Any CPU
		{7E116645-8BDC-4E3B-9637-40549B1BAA18}.Release|Any CPU.Build.0 = Release|Any CPU
	EndGlobalSection
	GlobalSection(SolutionProperties) = preSolution
		HideSolutionNode = FALSE
	EndGlobalSection
	GlobalSection(ExtensibilityGlobals) = postSolution
		SolutionGuid = {04D41C90-038C-4262-8E6A-0730D26C57E9}
	EndGlobalSection
EndGlobal
